// !$*UTF8*$!
{
	archiveVersion = 1;
	classes = {
	};
	objectVersion = 50;
	objects = {

/* Begin PBXBuildFile section */
		BCA8FDA22239F1E70048BAF3 /* AppDelegate.swift in Sources */ = {isa = PBXBuildFile; fileRef = BCA8FDA12239F1E70048BAF3 /* AppDelegate.swift */; };
		BCA8FDA42239F1E70048BAF3 /* ViewController.swift in Sources */ = {isa = PBXBuildFile; fileRef = BCA8FDA32239F1E70048BAF3 /* ViewController.swift */; };
		BCA8FDA72239F1E70048BAF3 /* Main.storyboard in Resources */ = {isa = PBXBuildFile; fileRef = BCA8FDA52239F1E70048BAF3 /* Main.storyboard */; };
		BCA8FDA92239F1EB0048BAF3 /* Assets.xcassets in Resources */ = {isa = PBXBuildFile; fileRef = BCA8FDA82239F1EB0048BAF3 /* Assets.xcassets */; };
		BCA8FDAC2239F1EB0048BAF3 /* LaunchScreen.storyboard in Resources */ = {isa = PBXBuildFile; fileRef = BCA8FDAA2239F1EB0048BAF3 /* LaunchScreen.storyboard */; };
		BCA8FDB72239F1EB0048BAF3 /* weatherMapTests.swift in Sources */ = {isa = PBXBuildFile; fileRef = BCA8FDB62239F1EB0048BAF3 /* weatherMapTests.swift */; };
		BCA8FDC22239F1EB0048BAF3 /* weatherMapUITests.swift in Sources */ = {isa = PBXBuildFile; fileRef = BCA8FDC12239F1EB0048BAF3 /* weatherMapUITests.swift */; };
/* End PBXBuildFile section */

/* Begin PBXContainerItemProxy section */
		BCA8FDB32239F1EB0048BAF3 /* PBXContainerItemProxy */ = {
			isa = PBXContainerItemProxy;
			containerPortal = BCA8FD962239F1E70048BAF3 /* Project object */;
			proxyType = 1;
			remoteGlobalIDString = BCA8FD9D2239F1E70048BAF3;
			remoteInfo = weatherMap;
		};
		BCA8FDBE2239F1EB0048BAF3 /* PBXContainerItemProxy */ = {
			isa = PBXContainerItemProxy;
			containerPortal = BCA8FD962239F1E70048BAF3 /* Project object */;
			proxyType = 1;
			remoteGlobalIDString = BCA8FD9D2239F1E70048BAF3;
			remoteInfo = weatherMap;
		};
/* End PBXContainerItemProxy section */

/* Begin PBXFileReference section */
		BCA8FD9E2239F1E70048BAF3 /* weatherMap.app */ = {isa = PBXFileReference; explicitFileType = wrapper.application; includeInIndex = 0; path = weatherMap.app; sourceTree = BUILT_PRODUCTS_DIR; };
		BCA8FDA12239F1E70048BAF3 /* AppDelegate.swift */ = {isa = PBXFileReference; lastKnownFileType = sourcecode.swift; path = AppDelegate.swift; sourceTree = "<group>"; };
		BCA8FDA32239F1E70048BAF3 /* ViewController.swift */ = {isa = PBXFileReference; lastKnownFileType = sourcecode.swift; path = ViewController.swift; sourceTree = "<group>"; };
		BCA8FDA62239F1E70048BAF3 /* Base */ = {isa = PBXFileReference; lastKnownFileType = file.storyboard; name = Base; path = Base.lproj/Main.storyboard; sourceTree = "<group>"; };
		BCA8FDA82239F1EB0048BAF3 /* Assets.xcassets */ = {isa = PBXFileReference; lastKnownFileType = folder.assetcatalog; path = Assets.xcassets; sourceTree = "<group>"; };
		BCA8FDAB2239F1EB0048BAF3 /* Base */ = {isa = PBXFileReference; lastKnownFileType = file.storyboard; name = Base; path = Base.lproj/LaunchScreen.storyboard; sourceTree = "<group>"; };
		BCA8FDAD2239F1EB0048BAF3 /* Info.plist */ = {isa = PBXFileReference; lastKnownFileType = text.plist.xml; path = Info.plist; sourceTree = "<group>"; };
		BCA8FDB22239F1EB0048BAF3 /* weatherMapTests.xctest */ = {isa = PBXFileReference; explicitFileType = wrapper.cfbundle; includeInIndex = 0; path = weatherMapTests.xctest; sourceTree = BUILT_PRODUCTS_DIR; };
		BCA8FDB62239F1EB0048BAF3 /* weatherMapTests.swift */ = {isa = PBXFileReference; lastKnownFileType = sourcecode.swift; path = weatherMapTests.swift; sourceTree = "<group>"; };
		BCA8FDB82239F1EB0048BAF3 /* Info.plist */ = {isa = PBXFileReference; lastKnownFileType = text.plist.xml; path = Info.plist; sourceTree = "<group>"; };
		BCA8FDBD2239F1EB0048BAF3 /* weatherMapUITests.xctest */ = {isa = PBXFileReference; explicitFileType = wrapper.cfbundle; includeInIndex = 0; path = weatherMapUITests.xctest; sourceTree = BUILT_PRODUCTS_DIR; };
		BCA8FDC12239F1EB0048BAF3 /* weatherMapUITests.swift */ = {isa = PBXFileReference; lastKnownFileType = sourcecode.swift; path = weatherMapUITests.swift; sourceTree = "<group>"; };
		BCA8FDC32239F1EB0048BAF3 /* Info.plist */ = {isa = PBXFileReference; lastKnownFileType = text.plist.xml; path = Info.plist; sourceTree = "<group>"; };
/* End PBXFileReference section */

/* Begin PBXFrameworksBuildPhase section */
		BCA8FD9B2239F1E70048BAF3 /* Frameworks */ = {
			isa = PBXFrameworksBuildPhase;
			buildActionMask = 2147483647;
			files = (
			);
			runOnlyForDeploymentPostprocessing = 0;
		};
		BCA8FDAF2239F1EB0048BAF3 /* Frameworks */ = {
			isa = PBXFrameworksBuildPhase;
			buildActionMask = 2147483647;
			files = (
			);
			runOnlyForDeploymentPostprocessing = 0;
		};
		BCA8FDBA2239F1EB0048BAF3 /* Frameworks */ = {
			isa = PBXFrameworksBuildPhase;
			buildActionMask = 2147483647;
			files = (
			);
			runOnlyForDeploymentPostprocessing = 0;
		};
/* End PBXFrameworksBuildPhase section */

/* Begin PBXGroup section */
		BCA8FD952239F1E70048BAF3 = {
			isa = PBXGroup;
			children = (
				BCA8FDA02239F1E70048BAF3 /* weatherMap */,
				BCA8FDB52239F1EB0048BAF3 /* weatherMapTests */,
				BCA8FDC02239F1EB0048BAF3 /* weatherMapUITests */,
				BCA8FD9F2239F1E70048BAF3 /* Products */,
			);
			sourceTree = "<group>";
		};
		BCA8FD9F2239F1E70048BAF3 /* Products */ = {
			isa = PBXGroup;
			children = (
				BCA8FD9E2239F1E70048BAF3 /* weatherMap.app */,
				BCA8FDB22239F1EB0048BAF3 /* weatherMapTests.xctest */,
				BCA8FDBD2239F1EB0048BAF3 /* weatherMapUITests.xctest */,
			);
			name = Products;
			sourceTree = "<group>";
		};
		BCA8FDA02239F1E70048BAF3 /* weatherMap */ = {
			isa = PBXGroup;
			children = (
				BCA8FDA12239F1E70048BAF3 /* AppDelegate.swift */,
				BCA8FDA32239F1E70048BAF3 /* ViewController.swift */,
				BCA8FDA52239F1E70048BAF3 /* Main.storyboard */,
				BCA8FDA82239F1EB0048BAF3 /* Assets.xcassets */,
				BCA8FDAA2239F1EB0048BAF3 /* LaunchScreen.storyboard */,
				BCA8FDAD2239F1EB0048BAF3 /* Info.plist */,
			);
			path = weatherMap;
			sourceTree = "<group>";
		};
		BCA8FDB52239F1EB0048BAF3 /* weatherMapTests */ = {
			isa = PBXGroup;
			children = (
				BCA8FDB62239F1EB0048BAF3 /* weatherMapTests.swift */,
				BCA8FDB82239F1EB0048BAF3 /* Info.plist */,
			);
			path = weatherMapTests;
			sourceTree = "<group>";
		};
		BCA8FDC02239F1EB0048BAF3 /* weatherMapUITests */ = {
			isa = PBXGroup;
			children = (
				BCA8FDC12239F1EB0048BAF3 /* weatherMapUITests.swift */,
				BCA8FDC32239F1EB0048BAF3 /* Info.plist */,
			);
			path = weatherMapUITests;
			sourceTree = "<group>";
		};
/* End PBXGroup section */

/* Begin PBXNativeTarget section */
		BCA8FD9D2239F1E70048BAF3 /* weatherMap */ = {
			isa = PBXNativeTarget;
			buildConfigurationList = BCA8FDC62239F1EB0048BAF3 /* Build configuration list for PBXNativeTarget "weatherMap" */;
			buildPhases = (
				BCA8FD9A2239F1E70048BAF3 /* Sources */,
				BCA8FD9B2239F1E70048BAF3 /* Frameworks */,
				BCA8FD9C2239F1E70048BAF3 /* Resources */,
			);
			buildRules = (
			);
			dependencies = (
			);
			name = weatherMap;
			productName = weatherMap;
			productReference = BCA8FD9E2239F1E70048BAF3 /* weatherMap.app */;
			productType = "com.apple.product-type.application";
		};
		BCA8FDB12239F1EB0048BAF3 /* weatherMapTests */ = {
			isa = PBXNativeTarget;
			buildConfigurationList = BCA8FDC92239F1EB0048BAF3 /* Build configuration list for PBXNativeTarget "weatherMapTests" */;
			buildPhases = (
				BCA8FDAE2239F1EB0048BAF3 /* Sources */,
				BCA8FDAF2239F1EB0048BAF3 /* Frameworks */,
				BCA8FDB02239F1EB0048BAF3 /* Resources */,
			);
			buildRules = (
			);
			dependencies = (
				BCA8FDB42239F1EB0048BAF3 /* PBXTargetDependency */,
			);
			name = weatherMapTests;
			productName = weatherMapTests;
			productReference = BCA8FDB22239F1EB0048BAF3 /* weatherMapTests.xctest */;
			productType = "com.apple.product-type.bundle.unit-test";
		};
		BCA8FDBC2239F1EB0048BAF3 /* weatherMapUITests */ = {
			isa = PBXNativeTarget;
			buildConfigurationList = BCA8FDCC2239F1EB0048BAF3 /* Build configuration list for PBXNativeTarget "weatherMapUITests" */;
			buildPhases = (
				BCA8FDB92239F1EB0048BAF3 /* Sources */,
				BCA8FDBA2239F1EB0048BAF3 /* Frameworks */,
				BCA8FDBB2239F1EB0048BAF3 /* Resources */,
			);
			buildRules = (
			);
			dependencies = (
				BCA8FDBF2239F1EB0048BAF3 /* PBXTargetDependency */,
			);
			name = weatherMapUITests;
			productName = weatherMapUITests;
			productReference = BCA8FDBD2239F1EB0048BAF3 /* weatherMapUITests.xctest */;
			productType = "com.apple.product-type.bundle.ui-testing";
		};
/* End PBXNativeTarget section */

/* Begin PBXProject section */
		BCA8FD962239F1E70048BAF3 /* Project object */ = {
			isa = PBXProject;
			attributes = {
				LastSwiftUpdateCheck = 1010;
				LastUpgradeCheck = 1010;
				ORGANIZATIONNAME = "内田 大輔";
				TargetAttributes = {
					BCA8FD9D2239F1E70048BAF3 = {
						CreatedOnToolsVersion = 10.1;
					};
					BCA8FDB12239F1EB0048BAF3 = {
						CreatedOnToolsVersion = 10.1;
						TestTargetID = BCA8FD9D2239F1E70048BAF3;
					};
					BCA8FDBC2239F1EB0048BAF3 = {
						CreatedOnToolsVersion = 10.1;
						TestTargetID = BCA8FD9D2239F1E70048BAF3;
					};
				};
			};
			buildConfigurationList = BCA8FD992239F1E70048BAF3 /* Build configuration list for PBXProject "weatherMap" */;
			compatibilityVersion = "Xcode 9.3";
			developmentRegion = en;
			hasScannedForEncodings = 0;
			knownRegions = (
				en,
				Base,
			);
			mainGroup = BCA8FD952239F1E70048BAF3;
			productRefGroup = BCA8FD9F2239F1E70048BAF3 /* Products */;
			projectDirPath = "";
			projectRoot = "";
			targets = (
				BCA8FD9D2239F1E70048BAF3 /* weatherMap */,
				BCA8FDB12239F1EB0048BAF3 /* weatherMapTests */,
				BCA8FDBC2239F1EB0048BAF3 /* weatherMapUITests */,
			);
		};
/* End PBXProject section */

/* Begin PBXResourcesBuildPhase section */
		BCA8FD9C2239F1E70048BAF3 /* Resources */ = {
			isa = PBXResourcesBuildPhase;
			buildActionMask = 2147483647;
			files = (
				BCA8FDAC2239F1EB0048BAF3 /* LaunchScreen.storyboard in Resources */,
				BCA8FDA92239F1EB0048BAF3 /* Assets.xcassets in Resources */,
				BCA8FDA72239F1E70048BAF3 /* Main.storyboard in Resources */,
			);
			runOnlyForDeploymentPostprocessing = 0;
		};
		BCA8FDB02239F1EB0048BAF3 /* Resources */ = {
			isa = PBXResourcesBuildPhase;
			buildActionMask = 2147483647;
			files = (
			);
			runOnlyForDeploymentPostprocessing = 0;
		};
		BCA8FDBB2239F1EB0048BAF3 /* Resources */ = {
			isa = PBXResourcesBuildPhase;
			buildActionMask = 2147483647;
			files = (
			);
			runOnlyForDeploymentPostprocessing = 0;
		};
/* End PBXResourcesBuildPhase section */

/* Begin PBXSourcesBuildPhase section */
		BCA8FD9A2239F1E70048BAF3 /* Sources */ = {
			isa = PBXSourcesBuildPhase;
			buildActionMask = 2147483647;
			files = (
				BCA8FDA42239F1E70048BAF3 /* ViewController.swift in Sources */,
				BCA8FDA22239F1E70048BAF3 /* AppDelegate.swift in Sources */,
			);
			runOnlyForDeploymentPostprocessing = 0;
		};
		BCA8FDAE2239F1EB0048BAF3 /* Sources */ = {
			isa = PBXSourcesBuildPhase;
			buildActionMask = 2147483647;
			files = (
				BCA8FDB72239F1EB0048BAF3 /* weatherMapTests.swift in Sources */,
			);
			runOnlyForDeploymentPostprocessing = 0;
		};
		BCA8FDB92239F1EB0048BAF3 /* Sources */ = {
			isa = PBXSourcesBuildPhase;
			buildActionMask = 2147483647;
			files = (
				BCA8FDC22239F1EB0048BAF3 /* weatherMapUITests.swift in Sources */,
			);
			runOnlyForDeploymentPostprocessing = 0;
		};
/* End PBXSourcesBuildPhase section */

/* Begin PBXTargetDependency section */
		BCA8FDB42239F1EB0048BAF3 /* PBXTargetDependency */ = {
			isa = PBXTargetDependency;
			target = BCA8FD9D2239F1E70048BAF3 /* weatherMap */;
			targetProxy = BCA8FDB32239F1EB0048BAF3 /* PBXContainerItemProxy */;
		};
		BCA8FDBF2239F1EB0048BAF3 /* PBXTargetDependency */ = {
			isa = PBXTargetDependency;
			target = BCA8FD9D2239F1E70048BAF3 /* weatherMap */;
			targetProxy = BCA8FDBE2239F1EB0048BAF3 /* PBXContainerItemProxy */;
		};
/* End PBXTargetDependency section */

/* Begin PBXVariantGroup section */
		BCA8FDA52239F1E70048BAF3 /* Main.storyboard */ = {
			isa = PBXVariantGroup;
			children = (
				BCA8FDA62239F1E70048BAF3 /* Base */,
			);
			name = Main.storyboard;
			sourceTree = "<group>";
		};
		BCA8FDAA2239F1EB0048BAF3 /* LaunchScreen.storyboard */ = {
			isa = PBXVariantGroup;
			children = (
				BCA8FDAB2239F1EB0048BAF3 /* Base */,
			);
			name = LaunchScreen.storyboard;
			sourceTree = "<group>";
		};
/* End PBXVariantGroup section */

/* Begin XCBuildConfiguration section */
		BCA8FDC42239F1EB0048BAF3 /* Debug */ = {
			isa = XCBuildConfiguration;
			buildSettings = {
				ALWAYS_SEARCH_USER_PATHS = NO;
				CLANG_ANALYZER_NONNULL = YES;
				CLANG_ANALYZER_NUMBER_OBJECT_CONVERSION = YES_AGGRESSIVE;
				CLANG_CXX_LANGUAGE_STANDARD = "gnu++14";
				CLANG_CXX_LIBRARY = "libc++";
				CLANG_ENABLE_MODULES = YES;
				CLANG_ENABLE_OBJC_ARC = YES;
				CLANG_ENABLE_OBJC_WEAK = YES;
				CLANG_WARN_BLOCK_CAPTURE_AUTORELEASING = YES;
				CLANG_WARN_BOOL_CONVERSION = YES;
				CLANG_WARN_COMMA = YES;
				CLANG_WARN_CONSTANT_CONVERSION = YES;
				CLANG_WARN_DEPRECATED_OBJC_IMPLEMENTATIONS = YES;
				CLANG_WARN_DIRECT_OBJC_ISA_USAGE = YES_ERROR;
				CLANG_WARN_DOCUMENTATION_COMMENTS = YES;
				CLANG_WARN_EMPTY_BODY = YES;
				CLANG_WARN_ENUM_CONVERSION = YES;
				CLANG_WARN_INFINITE_RECURSION = YES;
				CLANG_WARN_INT_CONVERSION = YES;
				CLANG_WARN_NON_LITERAL_NULL_CONVERSION = YES;
				CLANG_WARN_OBJC_IMPLICIT_RETAIN_SELF = YES;
				CLANG_WARN_OBJC_LITERAL_CONVERSION = YES;
				CLANG_WARN_OBJC_ROOT_CLASS = YES_ERROR;
				CLANG_WARN_RANGE_LOOP_ANALYSIS = YES;
				CLANG_WARN_STRICT_PROTOTYPES = YES;
				CLANG_WARN_SUSPICIOUS_MOVE = YES;
				CLANG_WARN_UNGUARDED_AVAILABILITY = YES_AGGRESSIVE;
				CLANG_WARN_UNREACHABLE_CODE = YES;
				CLANG_WARN__DUPLICATE_METHOD_MATCH = YES;
				CODE_SIGN_IDENTITY = "iPhone Developer";
				COPY_PHASE_STRIP = NO;
				DEBUG_INFORMATION_FORMAT = dwarf;
				ENABLE_STRICT_OBJC_MSGSEND = YES;
				ENABLE_TESTABILITY = YES;
				GCC_C_LANGUAGE_STANDARD = gnu11;
				GCC_DYNAMIC_NO_PIC = NO;
				GCC_NO_COMMON_BLOCKS = YES;
				GCC_OPTIMIZATION_LEVEL = 0;
				GCC_PREPROCESSOR_DEFINITIONS = (
					"DEBUG=1",
					"$(inherited)",
				);
				GCC_WARN_64_TO_32_BIT_CONVERSION = YES;
				GCC_WARN_ABOUT_RETURN_TYPE = YES_ERROR;
				GCC_WARN_UNDECLARED_SELECTOR = YES;
				GCC_WARN_UNINITIALIZED_AUTOS = YES_AGGRESSIVE;
				GCC_WARN_UNUSED_FUNCTION = YES;
				GCC_WARN_UNUSED_VARIABLE = YES;
				IPHONEOS_DEPLOYMENT_TARGET = 12.1;
				MTL_ENABLE_DEBUG_INFO = INCLUDE_SOURCE;
				MTL_FAST_MATH = YES;
				ONLY_ACTIVE_ARCH = YES;
				SDKROOT = iphoneos;
				SWIFT_ACTIVE_COMPILATION_CONDITIONS = DEBUG;
				SWIFT_OPTIMIZATION_LEVEL = "-Onone";
			};
			name = Debug;
		};
		BCA8FDC52239F1EB0048BAF3 /* Release */ = {
			isa = XCBuildConfiguration;
			buildSettings = {
				ALWAYS_SEARCH_USER_PATHS = NO;
				CLANG_ANALYZER_NONNULL = YES;
				CLANG_ANALYZER_NUMBER_OBJECT_CONVERSION = YES_AGGRESSIVE;
				CLANG_CXX_LANGUAGE_STANDARD = "gnu++14";
				CLANG_CXX_LIBRARY = "libc++";
				CLANG_ENABLE_MODULES = YES;
				CLANG_ENABLE_OBJC_ARC = YES;
				CLANG_ENABLE_OBJC_WEAK = YES;
				CLANG_WARN_BLOCK_CAPTURE_AUTORELEASING = YES;
				CLANG_WARN_BOOL_CONVERSION = YES;
				CLANG_WARN_COMMA = YES;
				CLANG_WARN_CONSTANT_CONVERSION = YES;
				CLANG_WARN_DEPRECATED_OBJC_IMPLEMENTATIONS = YES;
				CLANG_WARN_DIRECT_OBJC_ISA_USAGE = YES_ERROR;
				CLANG_WARN_DOCUMENTATION_COMMENTS = YES;
				CLANG_WARN_EMPTY_BODY = YES;
				CLANG_WARN_ENUM_CONVERSION = YES;
				CLANG_WARN_INFINITE_RECURSION = YES;
				CLANG_WARN_INT_CONVERSION = YES;
				CLANG_WARN_NON_LITERAL_NULL_CONVERSION = YES;
				CLANG_WARN_OBJC_IMPLICIT_RETAIN_SELF = YES;
				CLANG_WARN_OBJC_LITERAL_CONVERSION = YES;
				CLANG_WARN_OBJC_ROOT_CLASS = YES_ERROR;
				CLANG_WARN_RANGE_LOOP_ANALYSIS = YES;
				CLANG_WARN_STRICT_PROTOTYPES = YES;
				CLANG_WARN_SUSPICIOUS_MOVE = YES;
				CLANG_WARN_UNGUARDED_AVAILABILITY = YES_AGGRESSIVE;
				CLANG_WARN_UNREACHABLE_CODE = YES;
				CLANG_WARN__DUPLICATE_METHOD_MATCH = YES;
				CODE_SIGN_IDENTITY = "iPhone Developer";
				COPY_PHASE_STRIP = NO;
				DEBUG_INFORMATION_FORMAT = "dwarf-with-dsym";
				ENABLE_NS_ASSERTIONS = NO;
				ENABLE_STRICT_OBJC_MSGSEND = YES;
				GCC_C_LANGUAGE_STANDARD = gnu11;
				GCC_NO_COMMON_BLOCKS = YES;
				GCC_WARN_64_TO_32_BIT_CONVERSION = YES;
				GCC_WARN_ABOUT_RETURN_TYPE = YES_ERROR;
				GCC_WARN_UNDECLARED_SELECTOR = YES;
				GCC_WARN_UNINITIALIZED_AUTOS = YES_AGGRESSIVE;
				GCC_WARN_UNUSED_FUNCTION = YES;
				GCC_WARN_UNUSED_VARIABLE = YES;
				IPHONEOS_DEPLOYMENT_TARGET = 12.1;
				MTL_ENABLE_DEBUG_INFO = NO;
				MTL_FAST_MATH = YES;
				SDKROOT = iphoneos;
				SWIFT_COMPILATION_MODE = wholemodule;
				SWIFT_OPTIMIZATION_LEVEL = "-O";
				VALIDATE_PRODUCT = YES;
			};
			name = Release;
		};
		BCA8FDC72239F1EB0048BAF3 /* Debug */ = {
			isa = XCBuildConfiguration;
			buildSettings = {
				ASSETCATALOG_COMPILER_APPICON_NAME = AppIcon;
				CODE_SIGN_STYLE = Automatic;
				INFOPLIST_FILE = weatherMap/Info.plist;
				LD_RUNPATH_SEARCH_PATHS = (
					"$(inherited)",
					"@executable_path/Frameworks",
				);
				PRODUCT_BUNDLE_IDENTIFIER = aaa.weatherMap;
				PRODUCT_NAME = "$(TARGET_NAME)";
				SWIFT_VERSION = 4.2;
				TARGETED_DEVICE_FAMILY = "1,2";
			};
			name = Debug;
		};
		BCA8FDC82239F1EB0048BAF3 /* Release */ = {
			isa = XCBuildConfiguration;
			buildSettings = {
				ASSETCATALOG_COMPILER_APPICON_NAME = AppIcon;
				CODE_SIGN_STYLE = Automatic;
				INFOPLIST_FILE = weatherMap/Info.plist;
				LD_RUNPATH_SEARCH_PATHS = (
					"$(inherited)",
					"@executable_path/Frameworks",
				);
				PRODUCT_BUNDLE_IDENTIFIER = aaa.weatherMap;
				PRODUCT_NAME = "$(TARGET_NAME)";
				SWIFT_VERSION = 4.2;
				TARGETED_DEVICE_FAMILY = "1,2";
			};
			name = Release;
		};
		BCA8FDCA2239F1EB0048BAF3 /* Debug */ = {
			isa = XCBuildConfiguration;
			buildSettings = {
				ALWAYS_EMBED_SWIFT_STANDARD_LIBRARIES = YES;
				BUNDLE_LOADER = "$(TEST_HOST)";
				CODE_SIGN_STYLE = Automatic;
				INFOPLIST_FILE = weatherMapTests/Info.plist;
				LD_RUNPATH_SEARCH_PATHS = (
					"$(inherited)",
					"@executable_path/Frameworks",
					"@loader_path/Frameworks",
				);
				PRODUCT_BUNDLE_IDENTIFIER = aaa.weatherMapTests;
				PRODUCT_NAME = "$(TARGET_NAME)";
				SWIFT_VERSION = 4.2;
				TARGETED_DEVICE_FAMILY = "1,2";
				TEST_HOST = "$(BUILT_PRODUCTS_DIR)/weatherMap.app/weatherMap";
			};
			name = Debug;
		};
		BCA8FDCB2239F1EB0048BAF3 /* Release */ = {
			isa = XCBuildConfiguration;
			buildSettings = {
				ALWAYS_EMBED_SWIFT_STANDARD_LIBRARIES = YES;
				BUNDLE_LOADER = "$(TEST_HOST)";
				CODE_SIGN_STYLE = Automatic;
				INFOPLIST_FILE = weatherMapTests/Info.plist;
				LD_RUNPATH_SEARCH_PATHS = (
					"$(inherited)",
					"@executable_path/Frameworks",
					"@loader_path/Frameworks",
				);
				PRODUCT_BUNDLE_IDENTIFIER = aaa.weatherMapTests;
				PRODUCT_NAME = "$(TARGET_NAME)";
				SWIFT_VERSION = 4.2;
				TARGETED_DEVICE_FAMILY = "1,2";
				TEST_HOST = "$(BUILT_PRODUCTS_DIR)/weatherMap.app/weatherMap";
			};
			name = Release;
		};
		BCA8FDCD2239F1EB0048BAF3 /* Debug */ = {
			isa = XCBuildConfiguration;
			buildSettings = {
				ALWAYS_EMBED_SWIFT_STANDARD_LIBRARIES = YES;
				CODE_SIGN_STYLE = Automatic;
				INFOPLIST_FILE = weatherMapUITests/Info.plist;
				LD_RUNPATH_SEARCH_PATHS = (
					"$(inherited)",
					"@executable_path/Frameworks",
					"@loader_path/Frameworks",
				);
				PRODUCT_BUNDLE_IDENTIFIER = aaa.weatherMapUITests;
				PRODUCT_NAME = "$(TARGET_NAME)";
				SWIFT_VERSION = 4.2;
				TARGETED_DEVICE_FAMILY = "1,2";
				TEST_TARGET_NAME = weatherMap;
			};
			name = Debug;
		};
		BCA8FDCE2239F1EB0048BAF3 /* Release */ = {
			isa = XCBuildConfiguration;
			buildSettings = {
				ALWAYS_EMBED_SWIFT_STANDARD_LIBRARIES = YES;
				CODE_SIGN_STYLE = Automatic;
				INFOPLIST_FILE = weatherMapUITests/Info.plist;
				LD_RUNPATH_SEARCH_PATHS = (
					"$(inherited)",
					"@executable_path/Frameworks",
					"@loader_path/Frameworks",
				);
				PRODUCT_BUNDLE_IDENTIFIER = aaa.weatherMapUITests;
				PRODUCT_NAME = "$(TARGET_NAME)";
				SWIFT_VERSION = 4.2;
				TARGETED_DEVICE_FAMILY = "1,2";
				TEST_TARGET_NAME = weatherMap;
			};
			name = Release;
		};
/* End XCBuildConfiguration section */

/* Begin XCConfigurationList section */
		BCA8FD992239F1E70048BAF3 /* Build configuration list for PBXProject "weatherMap" */ = {
			isa = XCConfigurationList;
			buildConfigurations = (
				BCA8FDC42239F1EB0048BAF3 /* Debug */,
				BCA8FDC52239F1EB0048BAF3 /* Release */,
			);
			defaultConfigurationIsVisible = 0;
			defaultConfigurationName = Release;
		};
		BCA8FDC62239F1EB0048BAF3 /* Build configuration list for PBXNativeTarget "weatherMap" */ = {
			isa = XCConfigurationList;
			buildConfigurations = (
				BCA8FDC72239F1EB0048BAF3 /* Debug */,
				BCA8FDC82239F1EB0048BAF3 /* Release */,
			);
			defaultConfigurationIsVisible = 0;
			defaultConfigurationName = Release;
		};
		BCA8FDC92239F1EB0048BAF3 /* Build configuration list for PBXNativeTarget "weatherMapTests" */ = {
			isa = XCConfigurationList;
			buildConfigurations = (
				BCA8FDCA2239F1EB0048BAF3 /* Debug */,
				BCA8FDCB2239F1EB0048BAF3 /* Release */,
			);
			defaultConfigurationIsVisible = 0;
			defaultConfigurationName = Release;
		};
		BCA8FDCC2239F1EB0048BAF3 /* Build configuration list for PBXNativeTarget "weatherMapUITests" */ = {
			isa = XCConfigurationList;
			buildConfigurations = (
				BCA8FDCD2239F1EB0048BAF3 /* Debug */,
				BCA8FDCE2239F1EB0048BAF3 /* Release */,
			);
			defaultConfigurationIsVisible = 0;
			defaultConfigurationName = Release;
		};
/* End XCConfigurationList section */
	};
	rootObject = BCA8FD962239F1E70048BAF3 /* Project object */;
}
